// !$*UTF8*$!
{
	archiveVersion = 1;
	classes = {
	};
	objectVersion = 56;
	objects = {

/* Begin PBXBuildFile section */
		2076FDFD2B2FBA5D00EB4D02 /* FruitCardView.swift in Sources */ = {isa = PBXBuildFile; fileRef = 2076FDFC2B2FBA5D00EB4D02 /* FruitCardView.swift */; };
		2076FDFF2B303C1A00EB4D02 /* StartButtonView.swift in Sources */ = {isa = PBXBuildFile; fileRef = 2076FDFE2B303C1A00EB4D02 /* StartButtonView.swift */; };
		2076FE012B303EAC00EB4D02 /* OnboardingView.swift in Sources */ = {isa = PBXBuildFile; fileRef = 2076FE002B303EAC00EB4D02 /* OnboardingView.swift */; };
		2076FE042B304E3E00EB4D02 /* FruitModel.swift in Sources */ = {isa = PBXBuildFile; fileRef = 2076FE032B304E3E00EB4D02 /* FruitModel.swift */; };
		2076FE072B304F0A00EB4D02 /* FruitData.swift in Sources */ = {isa = PBXBuildFile; fileRef = 2076FE062B304F0A00EB4D02 /* FruitData.swift */; };
		2076FE092B359ACA00EB4D02 /* FruitRowView.swift in Sources */ = {isa = PBXBuildFile; fileRef = 2076FE082B359ACA00EB4D02 /* FruitRowView.swift */; };
		2076FE0B2B35A0D900EB4D02 /* FruitDetailView.swift in Sources */ = {isa = PBXBuildFile; fileRef = 2076FE0A2B35A0D900EB4D02 /* FruitDetailView.swift */; };
		2076FE0D2B35A61C00EB4D02 /* FruitHeaderView.swift in Sources */ = {isa = PBXBuildFile; fileRef = 2076FE0C2B35A61C00EB4D02 /* FruitHeaderView.swift */; };
		2076FE0F2B35A80100EB4D02 /* SourceLinkView.swift in Sources */ = {isa = PBXBuildFile; fileRef = 2076FE0E2B35A80100EB4D02 /* SourceLinkView.swift */; };
		2076FE112B36426B00EB4D02 /* FruitNutrientsView.swift in Sources */ = {isa = PBXBuildFile; fileRef = 2076FE102B36426B00EB4D02 /* FruitNutrientsView.swift */; };
		20FEE6112B2C695200656E03 /* FructusApp.swift in Sources */ = {isa = PBXBuildFile; fileRef = 20FEE6102B2C695200656E03 /* FructusApp.swift */; };
		20FEE6132B2C695200656E03 /* ContentView.swift in Sources */ = {isa = PBXBuildFile; fileRef = 20FEE6122B2C695200656E03 /* ContentView.swift */; };
		20FEE6152B2C695400656E03 /* Assets.xcassets in Resources */ = {isa = PBXBuildFile; fileRef = 20FEE6142B2C695400656E03 /* Assets.xcassets */; };
		20FEE6182B2C695400656E03 /* Preview Assets.xcassets in Resources */ = {isa = PBXBuildFile; fileRef = 20FEE6172B2C695400656E03 /* Preview Assets.xcassets */; };
/* End PBXBuildFile section */

/* Begin PBXFileReference section */
		2076FDFC2B2FBA5D00EB4D02 /* FruitCardView.swift */ = {isa = PBXFileReference; lastKnownFileType = sourcecode.swift; path = FruitCardView.swift; sourceTree = "<group>"; };
		2076FDFE2B303C1A00EB4D02 /* StartButtonView.swift */ = {isa = PBXFileReference; lastKnownFileType = sourcecode.swift; path = StartButtonView.swift; sourceTree = "<group>"; };
		2076FE002B303EAC00EB4D02 /* OnboardingView.swift */ = {isa = PBXFileReference; lastKnownFileType = sourcecode.swift; path = OnboardingView.swift; sourceTree = "<group>"; };
		2076FE032B304E3E00EB4D02 /* FruitModel.swift */ = {isa = PBXFileReference; lastKnownFileType = sourcecode.swift; path = FruitModel.swift; sourceTree = "<group>"; };
		2076FE062B304F0A00EB4D02 /* FruitData.swift */ = {isa = PBXFileReference; lastKnownFileType = sourcecode.swift; path = FruitData.swift; sourceTree = "<group>"; };
		2076FE082B359ACA00EB4D02 /* FruitRowView.swift */ = {isa = PBXFileReference; lastKnownFileType = sourcecode.swift; path = FruitRowView.swift; sourceTree = "<group>"; };
		2076FE0A2B35A0D900EB4D02 /* FruitDetailView.swift */ = {isa = PBXFileReference; lastKnownFileType = sourcecode.swift; path = FruitDetailView.swift; sourceTree = "<group>"; };
		2076FE0C2B35A61C00EB4D02 /* FruitHeaderView.swift */ = {isa = PBXFileReference; lastKnownFileType = sourcecode.swift; path = FruitHeaderView.swift; sourceTree = "<group>"; };
		2076FE0E2B35A80100EB4D02 /* SourceLinkView.swift */ = {isa = PBXFileReference; lastKnownFileType = sourcecode.swift; path = SourceLinkView.swift; sourceTree = "<group>"; };
		2076FE102B36426B00EB4D02 /* FruitNutrientsView.swift */ = {isa = PBXFileReference; lastKnownFileType = sourcecode.swift; path = FruitNutrientsView.swift; sourceTree = "<group>"; };
		20FEE60D2B2C695200656E03 /* Fructus.app */ = {isa = PBXFileReference; explicitFileType = wrapper.application; includeInIndex = 0; path = Fructus.app; sourceTree = BUILT_PRODUCTS_DIR; };
		20FEE6102B2C695200656E03 /* FructusApp.swift */ = {isa = PBXFileReference; lastKnownFileType = sourcecode.swift; path = FructusApp.swift; sourceTree = "<group>"; };
		20FEE6122B2C695200656E03 /* ContentView.swift */ = {isa = PBXFileReference; lastKnownFileType = sourcecode.swift; path = ContentView.swift; sourceTree = "<group>"; };
		20FEE6142B2C695400656E03 /* Assets.xcassets */ = {isa = PBXFileReference; lastKnownFileType = folder.assetcatalog; path = Assets.xcassets; sourceTree = "<group>"; };
		20FEE6172B2C695400656E03 /* Preview Assets.xcassets */ = {isa = PBXFileReference; lastKnownFileType = folder.assetcatalog; path = "Preview Assets.xcassets"; sourceTree = "<group>"; };
/* End PBXFileReference section */

/* Begin PBXFrameworksBuildPhase section */
		20FEE60A2B2C695200656E03 /* Frameworks */ = {
			isa = PBXFrameworksBuildPhase;
			buildActionMask = 2147483647;
			files = (
			);
			runOnlyForDeploymentPostprocessing = 0;
		};
/* End PBXFrameworksBuildPhase section */

/* Begin PBXGroup section */
		2076FDFA2B2FBA0900EB4D02 /* App */ = {
			isa = PBXGroup;
			children = (
				20FEE6102B2C695200656E03 /* FructusApp.swift */,
				20FEE6122B2C695200656E03 /* ContentView.swift */,
				2076FE002B303EAC00EB4D02 /* OnboardingView.swift */,
				2076FE0A2B35A0D900EB4D02 /* FruitDetailView.swift */,
			);
			path = App;
			sourceTree = "<group>";
		};
		2076FDFB2B2FBA3500EB4D02 /* View */ = {
			isa = PBXGroup;
			children = (
				2076FDFC2B2FBA5D00EB4D02 /* FruitCardView.swift */,
				2076FDFE2B303C1A00EB4D02 /* StartButtonView.swift */,
				2076FE082B359ACA00EB4D02 /* FruitRowView.swift */,
				2076FE0C2B35A61C00EB4D02 /* FruitHeaderView.swift */,
				2076FE0E2B35A80100EB4D02 /* SourceLinkView.swift */,
				2076FE102B36426B00EB4D02 /* FruitNutrientsView.swift */,
			);
			path = View;
			sourceTree = "<group>";
		};
		2076FE022B304E2600EB4D02 /* Model */ = {
			isa = PBXGroup;
			children = (
				2076FE032B304E3E00EB4D02 /* FruitModel.swift */,
			);
			path = Model;
			sourceTree = "<group>";
		};
		2076FE052B304EF400EB4D02 /* Data */ = {
			isa = PBXGroup;
			children = (
				2076FE062B304F0A00EB4D02 /* FruitData.swift */,
			);
			path = Data;
			sourceTree = "<group>";
		};
		20FEE6042B2C695200656E03 = {
			isa = PBXGroup;
			children = (
				20FEE60F2B2C695200656E03 /* Fructus */,
				20FEE60E2B2C695200656E03 /* Products */,
			);
			sourceTree = "<group>";
		};
		20FEE60E2B2C695200656E03 /* Products */ = {
			isa = PBXGroup;
			children = (
				20FEE60D2B2C695200656E03 /* Fructus.app */,
			);
			name = Products;
			sourceTree = "<group>";
		};
		20FEE60F2B2C695200656E03 /* Fructus */ = {
			isa = PBXGroup;
			children = (
				2076FE052B304EF400EB4D02 /* Data */,
				2076FE022B304E2600EB4D02 /* Model */,
				2076FDFB2B2FBA3500EB4D02 /* View */,
				2076FDFA2B2FBA0900EB4D02 /* App */,
				20FEE6142B2C695400656E03 /* Assets.xcassets */,
				20FEE6162B2C695400656E03 /* Preview Content */,
			);
			path = Fructus;
			sourceTree = "<group>";
		};
		20FEE6162B2C695400656E03 /* Preview Content */ = {
			isa = PBXGroup;
			children = (
				20FEE6172B2C695400656E03 /* Preview Assets.xcassets */,
			);
			path = "Preview Content";
			sourceTree = "<group>";
		};
/* End PBXGroup section */

/* Begin PBXNativeTarget section */
		20FEE60C2B2C695200656E03 /* Fructus */ = {
			isa = PBXNativeTarget;
			buildConfigurationList = 20FEE61B2B2C695400656E03 /* Build configuration list for PBXNativeTarget "Fructus" */;
			buildPhases = (
				20FEE6092B2C695200656E03 /* Sources */,
				20FEE60A2B2C695200656E03 /* Frameworks */,
				20FEE60B2B2C695200656E03 /* Resources */,
			);
			buildRules = (
			);
			dependencies = (
			);
			name = Fructus;
			productName = Fructus;
			productReference = 20FEE60D2B2C695200656E03 /* Fructus.app */;
			productType = "com.apple.product-type.application";
		};
/* End PBXNativeTarget section */

/* Begin PBXProject section */
		20FEE6052B2C695200656E03 /* Project object */ = {
			isa = PBXProject;
			attributes = {
				BuildIndependentTargetsInParallel = 1;
				LastSwiftUpdateCheck = 1500;
				LastUpgradeCheck = 1500;
				TargetAttributes = {
					20FEE60C2B2C695200656E03 = {
						CreatedOnToolsVersion = 15.0.1;
					};
				};
			};
			buildConfigurationList = 20FEE6082B2C695200656E03 /* Build configuration list for PBXProject "Fructus" */;
			compatibilityVersion = "Xcode 14.0";
			developmentRegion = en;
			hasScannedForEncodings = 0;
			knownRegions = (
				en,
				Base,
			);
			mainGroup = 20FEE6042B2C695200656E03;
			productRefGroup = 20FEE60E2B2C695200656E03 /* Products */;
			projectDirPath = "";
			projectRoot = "";
			targets = (
				20FEE60C2B2C695200656E03 /* Fructus */,
			);
		};
/* End PBXProject section */

/* Begin PBXResourcesBuildPhase section */
		20FEE60B2B2C695200656E03 /* Resources */ = {
			isa = PBXResourcesBuildPhase;
			buildActionMask = 2147483647;
			files = (
				20FEE6182B2C695400656E03 /* Preview Assets.xcassets in Resources */,
				20FEE6152B2C695400656E03 /* Assets.xcassets in Resources */,
			);
			runOnlyForDeploymentPostprocessing = 0;
		};
/* End PBXResourcesBuildPhase section */

/* Begin PBXSourcesBuildPhase section */
		20FEE6092B2C695200656E03 /* Sources */ = {
			isa = PBXSourcesBuildPhase;
			buildActionMask = 2147483647;
			files = (
				2076FE072B304F0A00EB4D02 /* FruitData.swift in Sources */,
				2076FE0F2B35A80100EB4D02 /* SourceLinkView.swift in Sources */,
				2076FDFD2B2FBA5D00EB4D02 /* FruitCardView.swift in Sources */,
				2076FE092B359ACA00EB4D02 /* FruitRowView.swift in Sources */,
				2076FE112B36426B00EB4D02 /* FruitNutrientsView.swift in Sources */,
				2076FDFF2B303C1A00EB4D02 /* StartButtonView.swift in Sources */,
				2076FE0B2B35A0D900EB4D02 /* FruitDetailView.swift in Sources */,
				20FEE6132B2C695200656E03 /* ContentView.swift in Sources */,
				2076FE0D2B35A61C00EB4D02 /* FruitHeaderView.swift in Sources */,
				2076FE012B303EAC00EB4D02 /* OnboardingView.swift in Sources */,
				2076FE042B304E3E00EB4D02 /* FruitModel.swift in Sources */,
				20FEE6112B2C695200656E03 /* FructusApp.swift in Sources */,
			);
			runOnlyForDeploymentPostprocessing = 0;
		};
/* End PBXSourcesBuildPhase section */

/* Begin XCBuildConfiguration section */
		20FEE6192B2C695400656E03 /* Debug */ = {
			isa = XCBuildConfiguration;
			buildSettings = {
				ALWAYS_SEARCH_USER_PATHS = NO;
				ASSETCATALOG_COMPILER_GENERATE_SWIFT_ASSET_SYMBOL_EXTENSIONS = YES;
				CLANG_ANALYZER_NONNULL = YES;
				CLANG_ANALYZER_NUMBER_OBJECT_CONVERSION = YES_AGGRESSIVE;
				CLANG_CXX_LANGUAGE_STANDARD = "gnu++20";
				CLANG_ENABLE_MODULES = YES;
				CLANG_ENABLE_OBJC_ARC = YES;
				CLANG_ENABLE_OBJC_WEAK = YES;
				CLANG_WARN_BLOCK_CAPTURE_AUTORELEASING = YES;
				CLANG_WARN_BOOL_CONVERSION = YES;
				CLANG_WARN_COMMA = YES;
				CLANG_WARN_CONSTANT_CONVERSION = YES;
				CLANG_WARN_DEPRECATED_OBJC_IMPLEMENTATIONS = YES;
				CLANG_WARN_DIRECT_OBJC_ISA_USAGE = YES_ERROR;
				CLANG_WARN_DOCUMENTATION_COMMENTS = YES;
				CLANG_WARN_EMPTY_BODY = YES;
				CLANG_WARN_ENUM_CONVERSION = YES;
				CLANG_WARN_INFINITE_RECURSION = YES;
				CLANG_WARN_INT_CONVERSION = YES;
				CLANG_WARN_NON_LITERAL_NULL_CONVERSION = YES;
				CLANG_WARN_OBJC_IMPLICIT_RETAIN_SELF = YES;
				CLANG_WARN_OBJC_LITERAL_CONVERSION = YES;
				CLANG_WARN_OBJC_ROOT_CLASS = YES_ERROR;
				CLANG_WARN_QUOTED_INCLUDE_IN_FRAMEWORK_HEADER = YES;
				CLANG_WARN_RANGE_LOOP_ANALYSIS = YES;
				CLANG_WARN_STRICT_PROTOTYPES = YES;
				CLANG_WARN_SUSPICIOUS_MOVE = YES;
				CLANG_WARN_UNGUARDED_AVAILABILITY = YES_AGGRESSIVE;
				CLANG_WARN_UNREACHABLE_CODE = YES;
				CLANG_WARN__DUPLICATE_METHOD_MATCH = YES;
				COPY_PHASE_STRIP = NO;
				DEBUG_INFORMATION_FORMAT = dwarf;
				ENABLE_STRICT_OBJC_MSGSEND = YES;
				ENABLE_TESTABILITY = YES;
				ENABLE_USER_SCRIPT_SANDBOXING = YES;
				GCC_C_LANGUAGE_STANDARD = gnu17;
				GCC_DYNAMIC_NO_PIC = NO;
				GCC_NO_COMMON_BLOCKS = YES;
				GCC_OPTIMIZATION_LEVEL = 0;
				GCC_PREPROCESSOR_DEFINITIONS = (
					"DEBUG=1",
					"$(inherited)",
				);
				GCC_WARN_64_TO_32_BIT_CONVERSION = YES;
				GCC_WARN_ABOUT_RETURN_TYPE = YES_ERROR;
				GCC_WARN_UNDECLARED_SELECTOR = YES;
				GCC_WARN_UNINITIALIZED_AUTOS = YES_AGGRESSIVE;
				GCC_WARN_UNUSED_FUNCTION = YES;
				GCC_WARN_UNUSED_VARIABLE = YES;
				IPHONEOS_DEPLOYMENT_TARGET = 17.0;
				LOCALIZATION_PREFERS_STRING_CATALOGS = YES;
				MTL_ENABLE_DEBUG_INFO = INCLUDE_SOURCE;
				MTL_FAST_MATH = YES;
				ONLY_ACTIVE_ARCH = YES;
				SDKROOT = iphoneos;
				SWIFT_ACTIVE_COMPILATION_CONDITIONS = "DEBUG $(inherited)";
				SWIFT_OPTIMIZATION_LEVEL = "-Onone";
			};
			name = Debug;
		};
		20FEE61A2B2C695400656E03 /* Release */ = {
			isa = XCBuildConfiguration;
			buildSettings = {
				ALWAYS_SEARCH_USER_PATHS = NO;
				ASSETCATALOG_COMPILER_GENERATE_SWIFT_ASSET_SYMBOL_EXTENSIONS = YES;
				CLANG_ANALYZER_NONNULL = YES;
				CLANG_ANALYZER_NUMBER_OBJECT_CONVERSION = YES_AGGRESSIVE;
				CLANG_CXX_LANGUAGE_STANDARD = "gnu++20";
				CLANG_ENABLE_MODULES = YES;
				CLANG_ENABLE_OBJC_ARC = YES;
				CLANG_ENABLE_OBJC_WEAK = YES;
				CLANG_WARN_BLOCK_CAPTURE_AUTORELEASING = YES;
				CLANG_WARN_BOOL_CONVERSION = YES;
				CLANG_WARN_COMMA = YES;
				CLANG_WARN_CONSTANT_CONVERSION = YES;
				CLANG_WARN_DEPRECATED_OBJC_IMPLEMENTATIONS = YES;
				CLANG_WARN_DIRECT_OBJC_ISA_USAGE = YES_ERROR;
				CLANG_WARN_DOCUMENTATION_COMMENTS = YES;
				CLANG_WARN_EMPTY_BODY = YES;
				CLANG_WARN_ENUM_CONVERSION = YES;
				CLANG_WARN_INFINITE_RECURSION = YES;
				CLANG_WARN_INT_CONVERSION = YES;
				CLANG_WARN_NON_LITERAL_NULL_CONVERSION = YES;
				CLANG_WARN_OBJC_IMPLICIT_RETAIN_SELF = YES;
				CLANG_WARN_OBJC_LITERAL_CONVERSION = YES;
				CLANG_WARN_OBJC_ROOT_CLASS = YES_ERROR;
				CLANG_WARN_QUOTED_INCLUDE_IN_FRAMEWORK_HEADER = YES;
				CLANG_WARN_RANGE_LOOP_ANALYSIS = YES;
				CLANG_WARN_STRICT_PROTOTYPES = YES;
				CLANG_WARN_SUSPICIOUS_MOVE = YES;
				CLANG_WARN_UNGUARDED_AVAILABILITY = YES_AGGRESSIVE;
				CLANG_WARN_UNREACHABLE_CODE = YES;
				CLANG_WARN__DUPLICATE_METHOD_MATCH = YES;
				COPY_PHASE_STRIP = NO;
				DEBUG_INFORMATION_FORMAT = "dwarf-with-dsym";
				ENABLE_NS_ASSERTIONS = NO;
				ENABLE_STRICT_OBJC_MSGSEND = YES;
				ENABLE_USER_SCRIPT_SANDBOXING = YES;
				GCC_C_LANGUAGE_STANDARD = gnu17;
				GCC_NO_COMMON_BLOCKS = YES;
				GCC_WARN_64_TO_32_BIT_CONVERSION = YES;
				GCC_WARN_ABOUT_RETURN_TYPE = YES_ERROR;
				GCC_WARN_UNDECLARED_SELECTOR = YES;
				GCC_WARN_UNINITIALIZED_AUTOS = YES_AGGRESSIVE;
				GCC_WARN_UNUSED_FUNCTION = YES;
				GCC_WARN_UNUSED_VARIABLE = YES;
				IPHONEOS_DEPLOYMENT_TARGET = 17.0;
				LOCALIZATION_PREFERS_STRING_CATALOGS = YES;
				MTL_ENABLE_DEBUG_INFO = NO;
				MTL_FAST_MATH = YES;
				SDKROOT = iphoneos;
				SWIFT_COMPILATION_MODE = wholemodule;
				VALIDATE_PRODUCT = YES;
			};
			name = Release;
		};
		20FEE61C2B2C695400656E03 /* Debug */ = {
			isa = XCBuildConfiguration;
			buildSettings = {
				ASSETCATALOG_COMPILER_APPICON_NAME = AppIcon;
				ASSETCATALOG_COMPILER_GLOBAL_ACCENT_COLOR_NAME = AccentColor;
				CODE_SIGN_STYLE = Automatic;
				CURRENT_PROJECT_VERSION = 1;
				DEVELOPMENT_ASSET_PATHS = "\"Fructus/Preview Content\"";
				DEVELOPMENT_TEAM = 7CK797UK32;
				ENABLE_PREVIEWS = YES;
				GENERATE_INFOPLIST_FILE = YES;
				INFOPLIST_KEY_UIApplicationSceneManifest_Generation = YES;
				INFOPLIST_KEY_UIApplicationSupportsIndirectInputEvents = YES;
				INFOPLIST_KEY_UILaunchScreen_Generation = YES;
				INFOPLIST_KEY_UISupportedInterfaceOrientations = UIInterfaceOrientationPortrait;
				INFOPLIST_KEY_UISupportedInterfaceOrientations_iPad = "UIInterfaceOrientationLandscapeLeft UIInterfaceOrientationLandscapeRight UIInterfaceOrientationPortrait UIInterfaceOrientationPortraitUpsideDown";
				LD_RUNPATH_SEARCH_PATHS = (
					"$(inherited)",
					"@executable_path/Frameworks",
				);
				MARKETING_VERSION = 1.0;
				PRODUCT_BUNDLE_IDENTIFIER = com.tolmachevroman.Fructus;
				PRODUCT_NAME = "$(TARGET_NAME)";
				SWIFT_EMIT_LOC_STRINGS = YES;
				SWIFT_VERSION = 5.0;
				TARGETED_DEVICE_FAMILY = "1,2";
			};
			name = Debug;
		};
		20FEE61D2B2C695400656E03 /* Release */ = {
			isa = XCBuildConfiguration;
			buildSettings = {
				ASSETCATALOG_COMPILER_APPICON_NAME = AppIcon;
				ASSETCATALOG_COMPILER_GLOBAL_ACCENT_COLOR_NAME = AccentColor;
				CODE_SIGN_STYLE = Automatic;
				CURRENT_PROJECT_VERSION = 1;
				DEVELOPMENT_ASSET_PATHS = "\"Fructus/Preview Content\"";
				DEVELOPMENT_TEAM = 7CK797UK32;
				ENABLE_PREVIEWS = YES;
				GENERATE_INFOPLIST_FILE = YES;
				INFOPLIST_KEY_UIApplicationSceneManifest_Generation = YES;
				INFOPLIST_KEY_UIApplicationSupportsIndirectInputEvents = YES;
				INFOPLIST_KEY_UILaunchScreen_Generation = YES;
				INFOPLIST_KEY_UISupportedInterfaceOrientations = UIInterfaceOrientationPortrait;
				INFOPLIST_KEY_UISupportedInterfaceOrientations_iPad = "UIInterfaceOrientationLandscapeLeft UIInterfaceOrientationLandscapeRight UIInterfaceOrientationPortrait UIInterfaceOrientationPortraitUpsideDown";
				LD_RUNPATH_SEARCH_PATHS = (
					"$(inherited)",
					"@executable_path/Frameworks",
				);
				MARKETING_VERSION = 1.0;
				PRODUCT_BUNDLE_IDENTIFIER = com.tolmachevroman.Fructus;
				PRODUCT_NAME = "$(TARGET_NAME)";
				SWIFT_EMIT_LOC_STRINGS = YES;
				SWIFT_VERSION = 5.0;
				TARGETED_DEVICE_FAMILY = "1,2";
			};
			name = Release;
		};
/* End XCBuildConfiguration section */

/* Begin XCConfigurationList section */
		20FEE6082B2C695200656E03 /* Build configuration list for PBXProject "Fructus" */ = {
			isa = XCConfigurationList;
			buildConfigurations = (
				20FEE6192B2C695400656E03 /* Debug */,
				20FEE61A2B2C695400656E03 /* Release */,
			);
			defaultConfigurationIsVisible = 0;
			defaultConfigurationName = Release;
		};
		20FEE61B2B2C695400656E03 /* Build configuration list for PBXNativeTarget "Fructus" */ = {
			isa = XCConfigurationList;
			buildConfigurations = (
				20FEE61C2B2C695400656E03 /* Debug */,
				20FEE61D2B2C695400656E03 /* Release */,
			);
			defaultConfigurationIsVisible = 0;
			defaultConfigurationName = Release;
		};
/* End XCConfigurationList section */
	};
	rootObject = 20FEE6052B2C695200656E03 /* Project object */;
}
